
Microsoft Visual Studio Solution File, Format Version 12.00
# Visual Studio Version 17
VisualStudioVersion = 17.6.33815.320
MinimumVisualStudioVersion = 10.0.40219.1
Project("{FAE04EC0-301F-11D3-BF4B-00C04F79EFBC}") = "PetShop.Web", "PetShop.Web\PetShop.Web.csproj", "{DB5415AF-5A57-41AC-97FA-77424677E745}"
EndProject
Global
	GlobalSection(SolutionConfigurationPlatforms) = preSolution
		Debug|Any CPU = Debug|Any CPU
		Release|Any CPU = Release|Any CPU
	EndGlobalSection
	GlobalSection(ProjectConfigurationPlatforms) = postSolution
		{DB5415AF-5A57-41AC-97FA-77424677E745}.Debug|Any CPU.ActiveCfg = Debug|Any CPU
		{DB5415AF-5A57-41AC-97FA-77424677E745}.Debug|Any CPU.Build.0 = Debug|Any CPU
		{DB5415AF-5A57-41AC-97FA-77424677E745}.Release|Any CPU.ActiveCfg = Release|Any CPU
		{DB5415AF-5A57-41AC-97FA-77424677E745}.Release|Any CPU.Build.0 = Release|Any CPU
	EndGlobalSection
	GlobalSection(SolutionProperties) = preSolution
		HideSolutionNode = FALSE
	EndGlobalSection
	GlobalSection(ExtensibilityGlobals) = postSolution
		SolutionGuid = {FAB62C49-9655-4E24-BCA4-A25BE03CE929}
	EndGlobalSection
EndGlobal
