
Microsoft Visual Studio Solution File, Format Version 12.00
# Visual Studio Version 17
VisualStudioVersion = 17.6.33815.320
MinimumVisualStudioVersion = 10.0.40219.1
Project("{9A19103F-16F7-4668-BE54-9A1E7A4F7556}") = "PetShop.Web", "PetShop.Web\PetShop.Web.csproj", "{DB5415AF-5A57-41AC-97FA-77424677E745}"
EndProject
Project("{9A19103F-16F7-4668-BE54-9A1E7A4F7556}") = "PetShop.Common", "PetShop.Common\PetShop.Common.csproj", "{41B45ED0-4D46-42BB-8C26-B4C46E78780E}"
EndProject
Project("{2150E333-8FDC-42A3-9474-1A3956D46DE8}") = "Web", "Web", "{09D36063-8D34-4AB4-B714-57390BFDF105}"
EndProject
Project("{2150E333-8FDC-42A3-9474-1A3956D46DE8}") = "Data", "Data", "{22131ABD-8682-48DD-9572-555B72597652}"
EndProject
Project("{9A19103F-16F7-4668-BE54-9A1E7A4F7556}") = "PetShop.Data", "PetShop.Data\PetShop.Data.csproj", "{63BAE63B-F998-4C23-B989-FFE728CBDDA9}"
EndProject
Project("{9A19103F-16F7-4668-BE54-9A1E7A4F7556}") = "PetShop.Data.Models", "PetShop.Data.Models\PetShop.Data.Models.csproj", "{B6655554-44A9-4793-BFB9-4E808B1AFB2A}"
EndProject
Project("{9A19103F-16F7-4668-BE54-9A1E7A4F7556}") = "PetShop.Web.ViewModels", "PetShop.Web.ViewModels\PetShop.Web.ViewModels.csproj", "{A275ECB3-7216-433A-A7BA-197CCF27999F}"
EndProject
Project("{2150E333-8FDC-42A3-9474-1A3956D46DE8}") = "Services", "Services", "{B80DEA7D-CECB-41AB-B0A2-B4AB10A0F377}"
EndProject
Project("{9A19103F-16F7-4668-BE54-9A1E7A4F7556}") = "PetShop.Services.Data", "PetShop.Services.Data\PetShop.Services.Data.csproj", "{4B126299-ADC2-424B-91BC-638E95D19A7F}"
EndProject
Project("{9A19103F-16F7-4668-BE54-9A1E7A4F7556}") = "PetShop.Web.Infrastructure", "PetShop.Web.Infrastructure\PetShop.Web.Infrastructure.csproj", "{98EF9E24-1C87-48F6-9351-87D8A7DE4188}"
EndProject
Project("{9A19103F-16F7-4668-BE54-9A1E7A4F7556}") = "PetShop.Services.Data.Models", "PetShop.Services.Data.Models\PetShop.Services.Data.Models.csproj", "{16AEB54C-7443-44B0-9643-1FC5C9AFD4B4}"
EndProject
Project("{FAE04EC0-301F-11D3-BF4B-00C04F79EFBC}") = "PetShop.Services.Tests", "PetShop.Services.Tests\PetShop.Services.Tests.csproj", "{3088EFDA-4FAC-4386-A1D7-FB9E316C33A3}"
EndProject
Project("{2150E333-8FDC-42A3-9474-1A3956D46DE8}") = "Tests", "Tests", "{89BA440E-857F-47A8-99C4-1AFBF427B4A3}"
EndProject
Global
	GlobalSection(SolutionConfigurationPlatforms) = preSolution
		Debug|Any CPU = Debug|Any CPU
		Release|Any CPU = Release|Any CPU
	EndGlobalSection
	GlobalSection(ProjectConfigurationPlatforms) = postSolution
		{DB5415AF-5A57-41AC-97FA-77424677E745}.Debug|Any CPU.ActiveCfg = Debug|Any CPU
		{DB5415AF-5A57-41AC-97FA-77424677E745}.Debug|Any CPU.Build.0 = Debug|Any CPU
		{DB5415AF-5A57-41AC-97FA-77424677E745}.Release|Any CPU.ActiveCfg = Release|Any CPU
		{DB5415AF-5A57-41AC-97FA-77424677E745}.Release|Any CPU.Build.0 = Release|Any CPU
		{41B45ED0-4D46-42BB-8C26-B4C46E78780E}.Debug|Any CPU.ActiveCfg = Debug|Any CPU
		{41B45ED0-4D46-42BB-8C26-B4C46E78780E}.Debug|Any CPU.Build.0 = Debug|Any CPU
		{41B45ED0-4D46-42BB-8C26-B4C46E78780E}.Release|Any CPU.ActiveCfg = Release|Any CPU
		{41B45ED0-4D46-42BB-8C26-B4C46E78780E}.Release|Any CPU.Build.0 = Release|Any CPU
		{63BAE63B-F998-4C23-B989-FFE728CBDDA9}.Debug|Any CPU.ActiveCfg = Debug|Any CPU
		{63BAE63B-F998-4C23-B989-FFE728CBDDA9}.Debug|Any CPU.Build.0 = Debug|Any CPU
		{63BAE63B-F998-4C23-B989-FFE728CBDDA9}.Release|Any CPU.ActiveCfg = Release|Any CPU
		{63BAE63B-F998-4C23-B989-FFE728CBDDA9}.Release|Any CPU.Build.0 = Release|Any CPU
		{B6655554-44A9-4793-BFB9-4E808B1AFB2A}.Debug|Any CPU.ActiveCfg = Debug|Any CPU
		{B6655554-44A9-4793-BFB9-4E808B1AFB2A}.Debug|Any CPU.Build.0 = Debug|Any CPU
		{B6655554-44A9-4793-BFB9-4E808B1AFB2A}.Release|Any CPU.ActiveCfg = Release|Any CPU
		{B6655554-44A9-4793-BFB9-4E808B1AFB2A}.Release|Any CPU.Build.0 = Release|Any CPU
		{A275ECB3-7216-433A-A7BA-197CCF27999F}.Debug|Any CPU.ActiveCfg = Debug|Any CPU
		{A275ECB3-7216-433A-A7BA-197CCF27999F}.Debug|Any CPU.Build.0 = Debug|Any CPU
		{A275ECB3-7216-433A-A7BA-197CCF27999F}.Release|Any CPU.ActiveCfg = Release|Any CPU
		{A275ECB3-7216-433A-A7BA-197CCF27999F}.Release|Any CPU.Build.0 = Release|Any CPU
		{4B126299-ADC2-424B-91BC-638E95D19A7F}.Debug|Any CPU.ActiveCfg = Debug|Any CPU
		{4B126299-ADC2-424B-91BC-638E95D19A7F}.Debug|Any CPU.Build.0 = Debug|Any CPU
		{4B126299-ADC2-424B-91BC-638E95D19A7F}.Release|Any CPU.ActiveCfg = Release|Any CPU
		{4B126299-ADC2-424B-91BC-638E95D19A7F}.Release|Any CPU.Build.0 = Release|Any CPU
		{98EF9E24-1C87-48F6-9351-87D8A7DE4188}.Debug|Any CPU.ActiveCfg = Debug|Any CPU
		{98EF9E24-1C87-48F6-9351-87D8A7DE4188}.Debug|Any CPU.Build.0 = Debug|Any CPU
		{98EF9E24-1C87-48F6-9351-87D8A7DE4188}.Release|Any CPU.ActiveCfg = Release|Any CPU
		{98EF9E24-1C87-48F6-9351-87D8A7DE4188}.Release|Any CPU.Build.0 = Release|Any CPU
		{16AEB54C-7443-44B0-9643-1FC5C9AFD4B4}.Debug|Any CPU.ActiveCfg = Debug|Any CPU
		{16AEB54C-7443-44B0-9643-1FC5C9AFD4B4}.Debug|Any CPU.Build.0 = Debug|Any CPU
		{16AEB54C-7443-44B0-9643-1FC5C9AFD4B4}.Release|Any CPU.ActiveCfg = Release|Any CPU
		{16AEB54C-7443-44B0-9643-1FC5C9AFD4B4}.Release|Any CPU.Build.0 = Release|Any CPU
		{3088EFDA-4FAC-4386-A1D7-FB9E316C33A3}.Debug|Any CPU.ActiveCfg = Debug|Any CPU
		{3088EFDA-4FAC-4386-A1D7-FB9E316C33A3}.Debug|Any CPU.Build.0 = Debug|Any CPU
		{3088EFDA-4FAC-4386-A1D7-FB9E316C33A3}.Release|Any CPU.ActiveCfg = Release|Any CPU
		{3088EFDA-4FAC-4386-A1D7-FB9E316C33A3}.Release|Any CPU.Build.0 = Release|Any CPU
	EndGlobalSection
	GlobalSection(SolutionProperties) = preSolution
		HideSolutionNode = FALSE
	EndGlobalSection
	GlobalSection(NestedProjects) = preSolution
		{DB5415AF-5A57-41AC-97FA-77424677E745} = {09D36063-8D34-4AB4-B714-57390BFDF105}
		{63BAE63B-F998-4C23-B989-FFE728CBDDA9} = {22131ABD-8682-48DD-9572-555B72597652}
		{B6655554-44A9-4793-BFB9-4E808B1AFB2A} = {22131ABD-8682-48DD-9572-555B72597652}
		{A275ECB3-7216-433A-A7BA-197CCF27999F} = {09D36063-8D34-4AB4-B714-57390BFDF105}
		{4B126299-ADC2-424B-91BC-638E95D19A7F} = {B80DEA7D-CECB-41AB-B0A2-B4AB10A0F377}
		{98EF9E24-1C87-48F6-9351-87D8A7DE4188} = {09D36063-8D34-4AB4-B714-57390BFDF105}
		{16AEB54C-7443-44B0-9643-1FC5C9AFD4B4} = {B80DEA7D-CECB-41AB-B0A2-B4AB10A0F377}
		{3088EFDA-4FAC-4386-A1D7-FB9E316C33A3} = {89BA440E-857F-47A8-99C4-1AFBF427B4A3}
	EndGlobalSection
	GlobalSection(ExtensibilityGlobals) = postSolution
		SolutionGuid = {FAB62C49-9655-4E24-BCA4-A25BE03CE929}
	EndGlobalSection
EndGlobal
